{
  "name": "postmortem",
  "version": "1.0.0",
  "lockfileVersion": 1,
  "requires": true,
  "dependencies": {
    "@types/node": {
      "version": "14.14.31",
      "resolved": "http://artifactory.corp.mongodb.com/artifactory/api/npm/npm/@types/node/-/node-14.14.31.tgz",
      "integrity": "sha1-cihr0z0TeqDRUtR+x8F2JWPTQFU="
    },
    "ansi-styles": {
      "version": "4.3.0",
      "resolved": "http://artifactory.corp.mongodb.com/artifactory/api/npm/npm/ansi-styles/-/ansi-styles-4.3.0.tgz",
      "integrity": "sha1-7dgDYornHATIWuegkG7a00tkiTc=",
      "requires": {
        "color-convert": "^2.0.1"
      }
    },
    "arg": {
      "version": "4.1.3",
      "resolved": "http://artifactory.corp.mongodb.com/artifactory/api/npm/npm/arg/-/arg-4.1.3.tgz",
      "integrity": "sha1-Jp/HrVuOQstjyJbVZmAXJhwUQIk="
    },
    "base64-js": {
      "version": "1.5.1",
      "resolved": "http://artifactory.corp.mongodb.com/artifactory/api/npm/npm/base64-js/-/base64-js-1.5.1.tgz",
      "integrity": "sha1-GxtEAWClv3rUC2UPCVljSBkDkwo="
    },
    "bl": {
      "version": "2.2.1",
      "resolved": "http://artifactory.corp.mongodb.com/artifactory/api/npm/npm/bl/-/bl-2.2.1.tgz",
      "integrity": "sha1-jBGntzBlXF1WiYzchxIk9A/ZAdU=",
      "requires": {
        "readable-stream": "^2.3.5",
        "safe-buffer": "^5.1.1"
      }
    },
    "bson": {
      "version": "4.2.2",
      "resolved": "http://artifactory.corp.mongodb.com/artifactory/api/npm/npm/bson/-/bson-4.2.2.tgz",
      "integrity": "sha1-rAG7MrirMIOVULmOD0T87ZMd910=",
      "requires": {
        "buffer": "^5.6.0"
      }
    },
    "buffer": {
      "version": "5.7.1",
      "resolved": "http://artifactory.corp.mongodb.com/artifactory/api/npm/npm/buffer/-/buffer-5.7.1.tgz",
      "integrity": "sha1-umLnwTEzBTWCGXFghRqPZI6Z7tA=",
      "requires": {
        "base64-js": "^1.3.1",
        "ieee754": "^1.1.13"
      }
    },
    "buffer-from": {
      "version": "1.1.1",
      "resolved": "http://artifactory.corp.mongodb.com/artifactory/api/npm/npm/buffer-from/-/buffer-from-1.1.1.tgz",
      "integrity": "sha1-MnE7wCj3XAL9txDXx7zsHyxgcO8="
    },
    "chalk": {
      "version": "4.1.0",
      "resolved": "http://artifactory.corp.mongodb.com/artifactory/api/npm/npm/chalk/-/chalk-4.1.0.tgz",
      "integrity": "sha1-ThSHCmGNni7dl92DRf2dncMVZGo=",
      "requires": {
        "ansi-styles": "^4.1.0",
        "supports-color": "^7.1.0"
      }
    },
    "color-convert": {
      "version": "2.0.1",
      "resolved": "http://artifactory.corp.mongodb.com/artifactory/api/npm/npm/color-convert/-/color-convert-2.0.1.tgz",
      "integrity": "sha1-ctOmjVmMm9s68q0ehPIdiWq9TeM=",
      "requires": {
        "color-name": "~1.1.4"
      }
    },
    "color-name": {
      "version": "1.1.4",
      "resolved": "http://artifactory.corp.mongodb.com/artifactory/api/npm/npm/color-name/-/color-name-1.1.4.tgz",
      "integrity": "sha1-wqCah6y95pVD3m9j+jmVyCbFNqI="
    },
    "core-util-is": {
      "version": "1.0.2",
      "resolved": "http://artifactory.corp.mongodb.com/artifactory/api/npm/npm/core-util-is/-/core-util-is-1.0.2.tgz",
      "integrity": "sha1-tf1UIgqivFq1eqtxQMlAdUUDwac="
    },
    "create-require": {
      "version": "1.1.1",
      "resolved": "http://artifactory.corp.mongodb.com/artifactory/api/npm/npm/create-require/-/create-require-1.1.1.tgz",
      "integrity": "sha1-wdfo8eX2z8n/ZfnNNS03NIdWwzM="
    },
    "denque": {
      "version": "1.5.0",
      "resolved": "http://artifactory.corp.mongodb.com/artifactory/api/npm/npm/denque/-/denque-1.5.0.tgz",
      "integrity": "sha1-dz3gaG/y2Owv+SkUMWpHtzscc94="
    },
    "diff": {
      "version": "4.0.2",
      "resolved": "http://artifactory.corp.mongodb.com/artifactory/api/npm/npm/diff/-/diff-4.0.2.tgz",
      "integrity": "sha1-YPOuy4nV+uUgwRqhnvwruYKq3n0="
    },
    "get-port": {
      "version": "5.1.1",
      "resolved": "http://artifactory.corp.mongodb.com/artifactory/api/npm/npm/get-port/-/get-port-5.1.1.tgz",
      "integrity": "sha1-BGntB1Y0ed5u+5hrrwU9zX1OMZM="
    },
    "has-flag": {
      "version": "4.0.0",
      "resolved": "http://artifactory.corp.mongodb.com/artifactory/api/npm/npm/has-flag/-/has-flag-4.0.0.tgz",
      "integrity": "sha1-lEdx/ZyByBJlxNaUGGDaBrtZR5s="
    },
    "ieee754": {
      "version": "1.2.1",
      "resolved": "http://artifactory.corp.mongodb.com/artifactory/api/npm/npm/ieee754/-/ieee754-1.2.1.tgz",
      "integrity": "sha1-jrehCmP/8l0VpXsAFYbRd9Gw01I="
    },
    "inherits": {
      "version": "2.0.4",
      "resolved": "http://artifactory.corp.mongodb.com/artifactory/api/npm/npm/inherits/-/inherits-2.0.4.tgz",
      "integrity": "sha1-D6LGT5MpF8NDOg3tVTY6rjdBa3w="
    },
    "isarray": {
      "version": "1.0.0",
      "resolved": "http://artifactory.corp.mongodb.com/artifactory/api/npm/npm/isarray/-/isarray-1.0.0.tgz",
      "integrity": "sha1-u5NdSFgsuhaMBoNJV6VKPgcSTxE="
    },
    "make-error": {
      "version": "1.3.6",
      "resolved": "http://artifactory.corp.mongodb.com/artifactory/api/npm/npm/make-error/-/make-error-1.3.6.tgz",
      "integrity": "sha1-LrLjfqm2fEiR9oShOUeZr0hM96I="
    },
    "memory-pager": {
      "version": "1.5.0",
      "resolved": "http://artifactory.corp.mongodb.com/artifactory/api/npm/npm/memory-pager/-/memory-pager-1.5.0.tgz",
      "integrity": "sha1-2HUWVdItOEaCdByXLyw9bfo+ZrU=",
      "optional": true
    },
    "minimist": {
      "version": "1.2.5",
      "resolved": "http://artifactory.corp.mongodb.com/artifactory/api/npm/npm/minimist/-/minimist-1.2.5.tgz",
      "integrity": "sha1-Z9ZgFLZqaoqqDAg8X9WN9OTpdgI="
    },
    "mongodb": {
      "version": "3.6.4",
      "resolved": "http://artifactory.corp.mongodb.com/artifactory/api/npm/npm/mongodb/-/mongodb-3.6.4.tgz",
      "integrity": "sha1-yln9ZbBoMTCCYjcu+d9rePnal74=",
      "requires": {
        "bl": "^2.2.1",
        "bson": "^1.1.4",
        "denque": "^1.4.1",
        "require_optional": "^1.0.1",
        "safe-buffer": "^5.1.2",
        "saslprep": "^1.0.0"
      },
      "dependencies": {
        "bson": {
          "version": "1.1.5",
          "resolved": "http://artifactory.corp.mongodb.com/artifactory/api/npm/npm/bson/-/bson-1.1.5.tgz",
          "integrity": "sha1-Kqrpj832dQwISLDLod3sPHMGCjQ="
        }
      }
    },
    "process-nextick-args": {
      "version": "2.0.1",
      "resolved": "http://artifactory.corp.mongodb.com/artifactory/api/npm/npm/process-nextick-args/-/process-nextick-args-2.0.1.tgz",
      "integrity": "sha1-eCDZsWEgzFXKmud5JoCufbptf+I="
    },
    "readable-stream": {
      "version": "2.3.7",
      "resolved": "http://artifactory.corp.mongodb.com/artifactory/api/npm/npm/readable-stream/-/readable-stream-2.3.7.tgz",
      "integrity": "sha1-Hsoc9xGu+BTAT2IlKjamL2yyO1c=",
      "requires": {
        "core-util-is": "~1.0.0",
        "inherits": "~2.0.3",
        "isarray": "~1.0.0",
        "process-nextick-args": "~2.0.0",
        "safe-buffer": "~5.1.1",
        "string_decoder": "~1.1.1",
        "util-deprecate": "~1.0.1"
      },
      "dependencies": {
        "safe-buffer": {
          "version": "5.1.2",
          "resolved": "http://artifactory.corp.mongodb.com/artifactory/api/npm/npm/safe-buffer/-/safe-buffer-5.1.2.tgz",
          "integrity": "sha1-mR7GnSluAxN0fVm9/St0XDX4go0="
        }
      }
    },
    "require_optional": {
      "version": "1.0.1",
      "resolved": "http://artifactory.corp.mongodb.com/artifactory/api/npm/npm/require_optional/-/require_optional-1.0.1.tgz",
      "integrity": "sha1-TPNaQkf2TKPfjC7yCMxJSxyo/C4=",
      "requires": {
        "resolve-from": "^2.0.0",
        "semver": "^5.1.0"
      }
    },
    "resolve-from": {
      "version": "2.0.0",
      "resolved": "http://artifactory.corp.mongodb.com/artifactory/api/npm/npm/resolve-from/-/resolve-from-2.0.0.tgz",
      "integrity": "sha1-lICrIOlP+h2egKgEx+oUdhGWa1c="
    },
    "safe-buffer": {
      "version": "5.2.1",
      "resolved": "http://artifactory.corp.mongodb.com/artifactory/api/npm/npm/safe-buffer/-/safe-buffer-5.2.1.tgz",
      "integrity": "sha1-Hq+fqb2x/dTsdfWPnNtOa3gn7sY="
    },
    "saslprep": {
      "version": "1.0.3",
      "resolved": "http://artifactory.corp.mongodb.com/artifactory/api/npm/npm/saslprep/-/saslprep-1.0.3.tgz",
      "integrity": "sha1-TAL5RrVs9UKX40e6EJPnrKxM8iY=",
      "optional": true,
      "requires": {
        "sparse-bitfield": "^3.0.3"
      }
    },
    "semver": {
      "version": "5.7.1",
      "resolved": "http://artifactory.corp.mongodb.com/artifactory/api/npm/npm/semver/-/semver-5.7.1.tgz",
      "integrity": "sha1-qVT5Ma66UI0we78Gnv8MAclhFvc="
    },
    "source-map": {
      "version": "0.6.1",
      "resolved": "http://artifactory.corp.mongodb.com/artifactory/api/npm/npm/source-map/-/source-map-0.6.1.tgz",
      "integrity": "sha1-dHIq8y6WFOnCh6jQu95IteLxomM="
    },
    "source-map-support": {
      "version": "0.5.19",
      "resolved": "http://artifactory.corp.mongodb.com/artifactory/api/npm/npm/source-map-support/-/source-map-support-0.5.19.tgz",
      "integrity": "sha1-qYti+G3K9PZzmWSMCFKRq56P7WE=",
      "requires": {
        "buffer-from": "^1.0.0",
        "source-map": "^0.6.0"
      }
    },
    "sparse-bitfield": {
      "version": "3.0.3",
      "resolved": "http://artifactory.corp.mongodb.com/artifactory/api/npm/npm/sparse-bitfield/-/sparse-bitfield-3.0.3.tgz",
      "integrity": "sha1-/0rm5oZWBWuks+eSqzM004JzyhE=",
      "optional": true,
      "requires": {
        "memory-pager": "^1.0.2"
      }
    },
    "string_decoder": {
      "version": "1.1.1",
      "resolved": "http://artifactory.corp.mongodb.com/artifactory/api/npm/npm/string_decoder/-/string_decoder-1.1.1.tgz",
      "integrity": "sha1-nPFhG6YmhdcDCunkujQUnDrwP8g=",
      "requires": {
        "safe-buffer": "~5.1.0"
      },
      "dependencies": {
        "safe-buffer": {
          "version": "5.1.2",
          "resolved": "http://artifactory.corp.mongodb.com/artifactory/api/npm/npm/safe-buffer/-/safe-buffer-5.1.2.tgz",
          "integrity": "sha1-mR7GnSluAxN0fVm9/St0XDX4go0="
        }
      }
    },
    "supports-color": {
      "version": "7.2.0",
      "resolved": "http://artifactory.corp.mongodb.com/artifactory/api/npm/npm/supports-color/-/supports-color-7.2.0.tgz",
      "integrity": "sha1-G33NyzK4E4gBs+R4umpRyqiWSNo=",
      "requires": {
        "has-flag": "^4.0.0"
      }
    },
    "ts-node": {
      "version": "9.1.1",
      "resolved": "http://artifactory.corp.mongodb.com/artifactory/api/npm/npm/ts-node/-/ts-node-9.1.1.tgz",
      "integrity": "sha1-UamkUKPpWUAb2l8ASnLVS5NtN20=",
      "requires": {
        "arg": "^4.1.0",
        "create-require": "^1.1.0",
        "diff": "^4.0.1",
        "make-error": "^1.1.1",
        "source-map-support": "^0.5.17",
        "yn": "3.1.1"
      }
    },
    "typescript": {
      "version": "4.2.2",
      "resolved": "http://artifactory.corp.mongodb.com/artifactory/api/npm/npm/typescript/-/typescript-4.2.2.tgz",
      "integrity": "sha1-FFDwIGGPhy2w6hcxfRbY2o3bjEw=",
      "dev": true
    },
    "util-deprecate": {
      "version": "1.0.2",
      "resolved": "http://artifactory.corp.mongodb.com/artifactory/api/npm/npm/util-deprecate/-/util-deprecate-1.0.2.tgz",
      "integrity": "sha1-RQ1Nyfpw3nMnYvvS1KKJgUGaDM8="
    },
    "yn": {
      "version": "3.1.1",
      "resolved": "http://artifactory.corp.mongodb.com/artifactory/api/npm/npm/yn/-/yn-3.1.1.tgz",
      "integrity": "sha1-HodAGgnXZ8HV6rJqbkwYUYLS61A="
    }
  }
}
